// !$*UTF8*$!
{
	archiveVersion = 1;
	classes = {
	};
	objectVersion = 46;
	objects = {

/* Begin PBXBuildFile section */
		150AA0AD1A0323FA006D18A6 /* main.m in Sources */ = {isa = PBXBuildFile; fileRef = 150AA0AC1A0323FA006D18A6 /* main.m */; };
		150AA0B01A0323FA006D18A6 /* AppDelegate.m in Sources */ = {isa = PBXBuildFile; fileRef = 150AA0AF1A0323FA006D18A6 /* AppDelegate.m */; };
		150AA0B21A0323FA006D18A6 /* Images.xcassets in Resources */ = {isa = PBXBuildFile; fileRef = 150AA0B11A0323FA006D18A6 /* Images.xcassets */; };
		150AA0B51A0323FA006D18A6 /* MainMenu.xib in Resources */ = {isa = PBXBuildFile; fileRef = 150AA0B31A0323FA006D18A6 /* MainMenu.xib */; };
		150AA0C11A0323FA006D18A6 /* Asset_ManagerTests.m in Sources */ = {isa = PBXBuildFile; fileRef = 150AA0C01A0323FA006D18A6 /* Asset_ManagerTests.m */; };
		150AA0CD1A03374E006D18A6 /* MasterViewController.m in Sources */ = {isa = PBXBuildFile; fileRef = 150AA0CB1A03374E006D18A6 /* MasterViewController.m */; };
		150AA0CE1A03374E006D18A6 /* MasterViewController.xib in Resources */ = {isa = PBXBuildFile; fileRef = 150AA0CC1A03374E006D18A6 /* MasterViewController.xib */; };
/* End PBXBuildFile section */

/* Begin PBXContainerItemProxy section */
		150AA0BB1A0323FA006D18A6 /* PBXContainerItemProxy */ = {
			isa = PBXContainerItemProxy;
			containerPortal = 150AA09F1A0323FA006D18A6 /* Project object */;
			proxyType = 1;
			remoteGlobalIDString = 150AA0A61A0323FA006D18A6;
			remoteInfo = "Asset Manager";
		};
/* End PBXContainerItemProxy section */

/* Begin PBXFileReference section */
		150AA0A71A0323FA006D18A6 /* Asset Manager.app */ = {isa = PBXFileReference; explicitFileType = wrapper.application; includeInIndex = 0; path = "Asset Manager.app"; sourceTree = BUILT_PRODUCTS_DIR; };
		150AA0AB1A0323FA006D18A6 /* Info.plist */ = {isa = PBXFileReference; lastKnownFileType = text.plist.xml; path = Info.plist; sourceTree = "<group>"; };
		150AA0AC1A0323FA006D18A6 /* main.m */ = {isa = PBXFileReference; lastKnownFileType = sourcecode.c.objc; path = main.m; sourceTree = "<group>"; };
		150AA0AE1A0323FA006D18A6 /* AppDelegate.h */ = {isa = PBXFileReference; lastKnownFileType = sourcecode.c.h; path = AppDelegate.h; sourceTree = "<group>"; };
		150AA0AF1A0323FA006D18A6 /* AppDelegate.m */ = {isa = PBXFileReference; lastKnownFileType = sourcecode.c.objc; path = AppDelegate.m; sourceTree = "<group>"; };
		150AA0B11A0323FA006D18A6 /* Images.xcassets */ = {isa = PBXFileReference; lastKnownFileType = folder.assetcatalog; path = Images.xcassets; sourceTree = "<group>"; };
		150AA0B41A0323FA006D18A6 /* Base */ = {isa = PBXFileReference; lastKnownFileType = file.xib; name = Base; path = Base.lproj/MainMenu.xib; sourceTree = "<group>"; };
		150AA0BA1A0323FA006D18A6 /* Asset ManagerTests.xctest */ = {isa = PBXFileReference; explicitFileType = wrapper.cfbundle; includeInIndex = 0; path = "Asset ManagerTests.xctest"; sourceTree = BUILT_PRODUCTS_DIR; };
		150AA0BF1A0323FA006D18A6 /* Info.plist */ = {isa = PBXFileReference; lastKnownFileType = text.plist.xml; path = Info.plist; sourceTree = "<group>"; };
		150AA0C01A0323FA006D18A6 /* Asset_ManagerTests.m */ = {isa = PBXFileReference; lastKnownFileType = sourcecode.c.objc; path = Asset_ManagerTests.m; sourceTree = "<group>"; };
		150AA0CA1A03374E006D18A6 /* MasterViewController.h */ = {isa = PBXFileReference; fileEncoding = 4; lastKnownFileType = sourcecode.c.h; name = MasterViewController.h; path = ../MasterViewController.h; sourceTree = "<group>"; };
		150AA0CB1A03374E006D18A6 /* MasterViewController.m */ = {isa = PBXFileReference; fileEncoding = 4; lastKnownFileType = sourcecode.c.objc; name = MasterViewController.m; path = ../MasterViewController.m; sourceTree = "<group>"; };
		150AA0CC1A03374E006D18A6 /* MasterViewController.xib */ = {isa = PBXFileReference; fileEncoding = 4; lastKnownFileType = file.xib; name = MasterViewController.xib; path = ../MasterViewController.xib; sourceTree = "<group>"; };
/* End PBXFileReference section */

/* Begin PBXFrameworksBuildPhase section */
		150AA0A41A0323FA006D18A6 /* Frameworks */ = {
			isa = PBXFrameworksBuildPhase;
			buildActionMask = 2147483647;
			files = (
			);
			runOnlyForDeploymentPostprocessing = 0;
		};
		150AA0B71A0323FA006D18A6 /* Frameworks */ = {
			isa = PBXFrameworksBuildPhase;
			buildActionMask = 2147483647;
			files = (
			);
			runOnlyForDeploymentPostprocessing = 0;
		};
/* End PBXFrameworksBuildPhase section */

/* Begin PBXGroup section */
		150AA09E1A0323FA006D18A6 = {
			isa = PBXGroup;
			children = (
				150AA0A91A0323FA006D18A6 /* Asset Manager */,
				150AA0BD1A0323FA006D18A6 /* Asset ManagerTests */,
				150AA0A81A0323FA006D18A6 /* Products */,
			);
			sourceTree = "<group>";
		};
		150AA0A81A0323FA006D18A6 /* Products */ = {
			isa = PBXGroup;
			children = (
				150AA0A71A0323FA006D18A6 /* Asset Manager.app */,
				150AA0BA1A0323FA006D18A6 /* Asset ManagerTests.xctest */,
			);
			name = Products;
			sourceTree = "<group>";
		};
		150AA0A91A0323FA006D18A6 /* Asset Manager */ = {
			isa = PBXGroup;
			children = (
				150AA0CA1A03374E006D18A6 /* MasterViewController.h */,
				150AA0CB1A03374E006D18A6 /* MasterViewController.m */,
				150AA0CC1A03374E006D18A6 /* MasterViewController.xib */,
				150AA0AE1A0323FA006D18A6 /* AppDelegate.h */,
				150AA0AF1A0323FA006D18A6 /* AppDelegate.m */,
				150AA0B11A0323FA006D18A6 /* Images.xcassets */,
				150AA0B31A0323FA006D18A6 /* MainMenu.xib */,
				150AA0AA1A0323FA006D18A6 /* Supporting Files */,
			);
			path = "Asset Manager";
			sourceTree = "<group>";
		};
		150AA0AA1A0323FA006D18A6 /* Supporting Files */ = {
			isa = PBXGroup;
			children = (
				150AA0AB1A0323FA006D18A6 /* Info.plist */,
				150AA0AC1A0323FA006D18A6 /* main.m */,
			);
			name = "Supporting Files";
			sourceTree = "<group>";
		};
		150AA0BD1A0323FA006D18A6 /* Asset ManagerTests */ = {
			isa = PBXGroup;
			children = (
				150AA0C01A0323FA006D18A6 /* Asset_ManagerTests.m */,
				150AA0BE1A0323FA006D18A6 /* Supporting Files */,
			);
			path = "Asset ManagerTests";
			sourceTree = "<group>";
		};
		150AA0BE1A0323FA006D18A6 /* Supporting Files */ = {
			isa = PBXGroup;
			children = (
				150AA0BF1A0323FA006D18A6 /* Info.plist */,
			);
			name = "Supporting Files";
			sourceTree = "<group>";
		};
/* End PBXGroup section */

/* Begin PBXNativeTarget section */
		150AA0A61A0323FA006D18A6 /* Asset Manager */ = {
			isa = PBXNativeTarget;
			buildConfigurationList = 150AA0C41A0323FA006D18A6 /* Build configuration list for PBXNativeTarget "Asset Manager" */;
			buildPhases = (
				150AA0A31A0323FA006D18A6 /* Sources */,
				150AA0A41A0323FA006D18A6 /* Frameworks */,
				150AA0A51A0323FA006D18A6 /* Resources */,
			);
			buildRules = (
			);
			dependencies = (
			);
			name = "Asset Manager";
			productName = "Asset Manager";
			productReference = 150AA0A71A0323FA006D18A6 /* Asset Manager.app */;
			productType = "com.apple.product-type.application";
		};
		150AA0B91A0323FA006D18A6 /* Asset ManagerTests */ = {
			isa = PBXNativeTarget;
			buildConfigurationList = 150AA0C71A0323FA006D18A6 /* Build configuration list for PBXNativeTarget "Asset ManagerTests" */;
			buildPhases = (
				150AA0B61A0323FA006D18A6 /* Sources */,
				150AA0B71A0323FA006D18A6 /* Frameworks */,
				150AA0B81A0323FA006D18A6 /* Resources */,
			);
			buildRules = (
			);
			dependencies = (
				150AA0BC1A0323FA006D18A6 /* PBXTargetDependency */,
			);
			name = "Asset ManagerTests";
			productName = "Asset ManagerTests";
			productReference = 150AA0BA1A0323FA006D18A6 /* Asset ManagerTests.xctest */;
			productType = "com.apple.product-type.bundle.unit-test";
		};
/* End PBXNativeTarget section */

/* Begin PBXProject section */
		150AA09F1A0323FA006D18A6 /* Project object */ = {
			isa = PBXProject;
			attributes = {
				LastUpgradeCheck = 0600;
				ORGANIZATIONNAME = "Nikki Durkin";
				TargetAttributes = {
					150AA0A61A0323FA006D18A6 = {
						CreatedOnToolsVersion = 6.0.1;
					};
					150AA0B91A0323FA006D18A6 = {
						CreatedOnToolsVersion = 6.0.1;
						TestTargetID = 150AA0A61A0323FA006D18A6;
					};
				};
			};
			buildConfigurationList = 150AA0A21A0323FA006D18A6 /* Build configuration list for PBXProject "Asset Manager" */;
			compatibilityVersion = "Xcode 3.2";
			developmentRegion = English;
			hasScannedForEncodings = 0;
			knownRegions = (
				en,
				Base,
			);
			mainGroup = 150AA09E1A0323FA006D18A6;
			productRefGroup = 150AA0A81A0323FA006D18A6 /* Products */;
			projectDirPath = "";
			projectRoot = "";
			targets = (
				150AA0A61A0323FA006D18A6 /* Asset Manager */,
				150AA0B91A0323FA006D18A6 /* Asset ManagerTests */,
			);
		};
/* End PBXProject section */

/* Begin PBXResourcesBuildPhase section */
		150AA0A51A0323FA006D18A6 /* Resources */ = {
			isa = PBXResourcesBuildPhase;
			buildActionMask = 2147483647;
			files = (
				150AA0B21A0323FA006D18A6 /* Images.xcassets in Resources */,
				150AA0B51A0323FA006D18A6 /* MainMenu.xib in Resources */,
				150AA0CE1A03374E006D18A6 /* MasterViewController.xib in Resources */,
			);
			runOnlyForDeploymentPostprocessing = 0;
		};
		150AA0B81A0323FA006D18A6 /* Resources */ = {
			isa = PBXResourcesBuildPhase;
			buildActionMask = 2147483647;
			files = (
			);
			runOnlyForDeploymentPostprocessing = 0;
		};
/* End PBXResourcesBuildPhase section */

/* Begin PBXSourcesBuildPhase section */
		150AA0A31A0323FA006D18A6 /* Sources */ = {
			isa = PBXSourcesBuildPhase;
			buildActionMask = 2147483647;
			files = (
				150AA0B01A0323FA006D18A6 /* AppDelegate.m in Sources */,
				150AA0CD1A03374E006D18A6 /* MasterViewController.m in Sources */,
				150AA0AD1A0323FA006D18A6 /* main.m in Sources */,
			);
			runOnlyForDeploymentPostprocessing = 0;
		};
		150AA0B61A0323FA006D18A6 /* Sources */ = {
			isa = PBXSourcesBuildPhase;
			buildActionMask = 2147483647;
			files = (
				150AA0C11A0323FA006D18A6 /* Asset_ManagerTests.m in Sources */,
			);
			runOnlyForDeploymentPostprocessing = 0;
		};
/* End PBXSourcesBuildPhase section */

/* Begin PBXTargetDependency section */
		150AA0BC1A0323FA006D18A6 /* PBXTargetDependency */ = {
			isa = PBXTargetDependency;
			target = 150AA0A61A0323FA006D18A6 /* Asset Manager */;
			targetProxy = 150AA0BB1A0323FA006D18A6 /* PBXContainerItemProxy */;
		};
/* End PBXTargetDependency section */

/* Begin PBXVariantGroup section */
		150AA0B31A0323FA006D18A6 /* MainMenu.xib */ = {
			isa = PBXVariantGroup;
			children = (
				150AA0B41A0323FA006D18A6 /* Base */,
			);
			name = MainMenu.xib;
			sourceTree = "<group>";
		};
/* End PBXVariantGroup section */

/* Begin XCBuildConfiguration section */
		150AA0C21A0323FA006D18A6 /* Debug */ = {
			isa = XCBuildConfiguration;
			buildSettings = {
				ALWAYS_SEARCH_USER_PATHS = NO;
				CLANG_CXX_LANGUAGE_STANDARD = "gnu++0x";
				CLANG_CXX_LIBRARY = "libc++";
				CLANG_ENABLE_MODULES = YES;
				CLANG_ENABLE_OBJC_ARC = YES;
				CLANG_WARN_BOOL_CONVERSION = YES;
				CLANG_WARN_CONSTANT_CONVERSION = YES;
				CLANG_WARN_DIRECT_OBJC_ISA_USAGE = YES_ERROR;
				CLANG_WARN_EMPTY_BODY = YES;
				CLANG_WARN_ENUM_CONVERSION = YES;
				CLANG_WARN_INT_CONVERSION = YES;
				CLANG_WARN_OBJC_ROOT_CLASS = YES_ERROR;
				CLANG_WARN_UNREACHABLE_CODE = YES;
				CLANG_WARN__DUPLICATE_METHOD_MATCH = YES;
				CODE_SIGN_IDENTITY = "-";
				COPY_PHASE_STRIP = NO;
				ENABLE_STRICT_OBJC_MSGSEND = YES;
				GCC_C_LANGUAGE_STANDARD = gnu99;
				GCC_DYNAMIC_NO_PIC = NO;
				GCC_OPTIMIZATION_LEVEL = 0;
				GCC_PREPROCESSOR_DEFINITIONS = (
					"DEBUG=1",
					"$(inherited)",
				);
				GCC_SYMBOLS_PRIVATE_EXTERN = NO;
				GCC_WARN_64_TO_32_BIT_CONVERSION = YES;
				GCC_WARN_ABOUT_RETURN_TYPE = YES_ERROR;
				GCC_WARN_UNDECLARED_SELECTOR = YES;
				GCC_WARN_UNINITIALIZED_AUTOS = YES_AGGRESSIVE;
				GCC_WARN_UNUSED_FUNCTION = YES;
				GCC_WARN_UNUSED_VARIABLE = YES;
				MACOSX_DEPLOYMENT_TARGET = 10.9;
				MTL_ENABLE_DEBUG_INFO = YES;
				ONLY_ACTIVE_ARCH = YES;
				SDKROOT = macosx;
			};
			name = Debug;
		};
		150AA0C31A0323FA006D18A6 /* Release */ = {
			isa = XCBuildConfiguration;
			buildSettings = {
				ALWAYS_SEARCH_USER_PATHS = NO;
				CLANG_CXX_LANGUAGE_STANDARD = "gnu++0x";
				CLANG_CXX_LIBRARY = "libc++";
				CLANG_ENABLE_MODULES = YES;
				CLANG_ENABLE_OBJC_ARC = YES;
				CLANG_WARN_BOOL_CONVERSION = YES;
				CLANG_WARN_CONSTANT_CONVERSION = YES;
				CLANG_WARN_DIRECT_OBJC_ISA_USAGE = YES_ERROR;
				CLANG_WARN_EMPTY_BODY = YES;
				CLANG_WARN_ENUM_CONVERSION = YES;
				CLANG_WARN_INT_CONVERSION = YES;
				CLANG_WARN_OBJC_ROOT_CLASS = YES_ERROR;
				CLANG_WARN_UNREACHABLE_CODE = YES;
				CLANG_WARN__DUPLICATE_METHOD_MATCH = YES;
				CODE_SIGN_IDENTITY = "-";
				COPY_PHASE_STRIP = YES;
				DEBUG_INFORMATION_FORMAT = "dwarf-with-dsym";
				ENABLE_NS_ASSERTIONS = NO;
				ENABLE_STRICT_OBJC_MSGSEND = YES;
				GCC_C_LANGUAGE_STANDARD = gnu99;
				GCC_WARN_64_TO_32_BIT_CONVERSION = YES;
				GCC_WARN_ABOUT_RETURN_TYPE = YES_ERROR;
				GCC_WARN_UNDECLARED_SELECTOR = YES;
				GCC_WARN_UNINITIALIZED_AUTOS = YES_AGGRESSIVE;
				GCC_WARN_UNUSED_FUNCTION = YES;
				GCC_WARN_UNUSED_VARIABLE = YES;
				MACOSX_DEPLOYMENT_TARGET = 10.9;
				MTL_ENABLE_DEBUG_INFO = NO;
				SDKROOT = macosx;
			};
			name = Release;
		};
		150AA0C51A0323FA006D18A6 /* Debug */ = {
			isa = XCBuildConfiguration;
			buildSettings = {
				ASSETCATALOG_COMPILER_APPICON_NAME = AppIcon;
				COMBINE_HIDPI_IMAGES = YES;
				INFOPLIST_FILE = "Asset Manager/Info.plist";
				LD_RUNPATH_SEARCH_PATHS = "$(inherited) @executable_path/../Frameworks";
				PRODUCT_NAME = "$(TARGET_NAME)";
			};
			name = Debug;
		};
		150AA0C61A0323FA006D18A6 /* Release */ = {
			isa = XCBuildConfiguration;
			buildSettings = {
				ASSETCATALOG_COMPILER_APPICON_NAME = AppIcon;
				COMBINE_HIDPI_IMAGES = YES;
				INFOPLIST_FILE = "Asset Manager/Info.plist";
				LD_RUNPATH_SEARCH_PATHS = "$(inherited) @executable_path/../Frameworks";
				PRODUCT_NAME = "$(TARGET_NAME)";
			};
			name = Release;
		};
		150AA0C81A0323FA006D18A6 /* Debug */ = {
			isa = XCBuildConfiguration;
			buildSettings = {
				BUNDLE_LOADER = "$(TEST_HOST)";
				COMBINE_HIDPI_IMAGES = YES;
				FRAMEWORK_SEARCH_PATHS = (
					"$(DEVELOPER_FRAMEWORKS_DIR)",
					"$(inherited)",
				);
				GCC_PREPROCESSOR_DEFINITIONS = (
					"DEBUG=1",
					"$(inherited)",
				);
				INFOPLIST_FILE = "Asset ManagerTests/Info.plist";
				LD_RUNPATH_SEARCH_PATHS = "$(inherited) @executable_path/../Frameworks @loader_path/../Frameworks";
				PRODUCT_NAME = "$(TARGET_NAME)";
				TEST_HOST = "$(BUILT_PRODUCTS_DIR)/Asset Manager.app/Contents/MacOS/Asset Manager";
			};
			name = Debug;
		};
		150AA0C91A0323FA006D18A6 /* Release */ = {
			isa = XCBuildConfiguration;
			buildSettings = {
				BUNDLE_LOADER = "$(TEST_HOST)";
				COMBINE_HIDPI_IMAGES = YES;
				FRAMEWORK_SEARCH_PATHS = (
					"$(DEVELOPER_FRAMEWORKS_DIR)",
					"$(inherited)",
				);
				INFOPLIST_FILE = "Asset ManagerTests/Info.plist";
				LD_RUNPATH_SEARCH_PATHS = "$(inherited) @executable_path/../Frameworks @loader_path/../Frameworks";
				PRODUCT_NAME = "$(TARGET_NAME)";
				TEST_HOST = "$(BUILT_PRODUCTS_DIR)/Asset Manager.app/Contents/MacOS/Asset Manager";
			};
			name = Release;
		};
/* End XCBuildConfiguration section */

/* Begin XCConfigurationList section */
		150AA0A21A0323FA006D18A6 /* Build configuration list for PBXProject "Asset Manager" */ = {
			isa = XCConfigurationList;
			buildConfigurations = (
				150AA0C21A0323FA006D18A6 /* Debug */,
				150AA0C31A0323FA006D18A6 /* Release */,
			);
			defaultConfigurationIsVisible = 0;
			defaultConfigurationName = Release;
		};
		150AA0C41A0323FA006D18A6 /* Build configuration list for PBXNativeTarget "Asset Manager" */ = {
			isa = XCConfigurationList;
			buildConfigurations = (
				150AA0C51A0323FA006D18A6 /* Debug */,
				150AA0C61A0323FA006D18A6 /* Release */,
			);
			defaultConfigurationIsVisible = 0;
		};
		150AA0C71A0323FA006D18A6 /* Build configuration list for PBXNativeTarget "Asset ManagerTests" */ = {
			isa = XCConfigurationList;
			buildConfigurations = (
				150AA0C81A0323FA006D18A6 /* Debug */,
				150AA0C91A0323FA006D18A6 /* Release */,
			);
			defaultConfigurationIsVisible = 0;
		};
/* End XCConfigurationList section */
	};
	rootObject = 150AA09F1A0323FA006D18A6 /* Project object */;
}
